
Microsoft Visual Studio Solution File, Format Version 12.00
# Visual Studio Version 16
VisualStudioVersion = 16.0.29324.140
MinimumVisualStudioVersion = 10.0.40219.1
Project("{9A19103F-16F7-4668-BE54-9A1E7A4F7556}") = "PracticeTestGaiaNext.Api", "PracticeTestGaiaNext.Api\PracticeTestGaiaNext.Api.csproj", "{AC9FB4E9-6B0E-41E9-BA99-E628E6EE536E}"
EndProject
Project("{E24C65DC-7377-472B-9ABA-BC803B73C61A}") = "PracticeTestGaiaNext-App", "PracticeTestGaiaNext-App\", "{E10858DF-9D00-46AF-9118-79E45EEDB45F}"
	ProjectSection(WebsiteProperties) = preProject
		TargetFrameworkMoniker = ".NETFramework,Version%3Dv4.0"
		Debug.AspNetCompiler.VirtualPath = "/localhost_54387"
		Debug.AspNetCompiler.PhysicalPath = "PracticeTestGaiaNext-App\"
		Debug.AspNetCompiler.TargetPath = "PrecompiledWeb\localhost_54387\"
		Debug.AspNetCompiler.Updateable = "true"
		Debug.AspNetCompiler.ForceOverwrite = "true"
		Debug.AspNetCompiler.FixedNames = "false"
		Debug.AspNetCompiler.Debug = "True"
		Release.AspNetCompiler.VirtualPath = "/localhost_54387"
		Release.AspNetCompiler.PhysicalPath = "PracticeTestGaiaNext-App\"
		Release.AspNetCompiler.TargetPath = "PrecompiledWeb\localhost_54387\"
		Release.AspNetCompiler.Updateable = "true"
		Release.AspNetCompiler.ForceOverwrite = "true"
		Release.AspNetCompiler.FixedNames = "false"
		Release.AspNetCompiler.Debug = "False"
		VWDPort = "54387"
		SlnRelativePath = "PracticeTestGaiaNext-App\"
	EndProjectSection
EndProject
Project("{FAE04EC0-301F-11D3-BF4B-00C04F79EFBC}") = "PracticeTestGaiaNext.Domain", "PracticeTestGaiaNext.Domain\PracticeTestGaiaNext.Domain.csproj", "{DF2749B5-E2E4-4F02-8DCB-6A2152AC5DC2}"
EndProject
Project("{FAE04EC0-301F-11D3-BF4B-00C04F79EFBC}") = "PracticeTestGaiaNext.Infra", "PracticeTestGaiaNext.Infra\PracticeTestGaiaNext.Infra.csproj", "{D350ACDC-85EF-49C5-B95F-8DADFFA624EF}"
EndProject
Global
	GlobalSection(SolutionConfigurationPlatforms) = preSolution
		Debug|Any CPU = Debug|Any CPU
		Release|Any CPU = Release|Any CPU
	EndGlobalSection
	GlobalSection(ProjectConfigurationPlatforms) = postSolution
		{AC9FB4E9-6B0E-41E9-BA99-E628E6EE536E}.Debug|Any CPU.ActiveCfg = Debug|Any CPU
		{AC9FB4E9-6B0E-41E9-BA99-E628E6EE536E}.Debug|Any CPU.Build.0 = Debug|Any CPU
		{AC9FB4E9-6B0E-41E9-BA99-E628E6EE536E}.Release|Any CPU.ActiveCfg = Release|Any CPU
		{AC9FB4E9-6B0E-41E9-BA99-E628E6EE536E}.Release|Any CPU.Build.0 = Release|Any CPU
		{E10858DF-9D00-46AF-9118-79E45EEDB45F}.Debug|Any CPU.ActiveCfg = Debug|Any CPU
		{E10858DF-9D00-46AF-9118-79E45EEDB45F}.Debug|Any CPU.Build.0 = Debug|Any CPU
		{E10858DF-9D00-46AF-9118-79E45EEDB45F}.Release|Any CPU.ActiveCfg = Debug|Any CPU
		{E10858DF-9D00-46AF-9118-79E45EEDB45F}.Release|Any CPU.Build.0 = Debug|Any CPU
		{DF2749B5-E2E4-4F02-8DCB-6A2152AC5DC2}.Debug|Any CPU.ActiveCfg = Debug|Any CPU
		{DF2749B5-E2E4-4F02-8DCB-6A2152AC5DC2}.Debug|Any CPU.Build.0 = Debug|Any CPU
		{DF2749B5-E2E4-4F02-8DCB-6A2152AC5DC2}.Release|Any CPU.ActiveCfg = Release|Any CPU
		{DF2749B5-E2E4-4F02-8DCB-6A2152AC5DC2}.Release|Any CPU.Build.0 = Release|Any CPU
		{D350ACDC-85EF-49C5-B95F-8DADFFA624EF}.Debug|Any CPU.ActiveCfg = Debug|Any CPU
		{D350ACDC-85EF-49C5-B95F-8DADFFA624EF}.Debug|Any CPU.Build.0 = Debug|Any CPU
		{D350ACDC-85EF-49C5-B95F-8DADFFA624EF}.Release|Any CPU.ActiveCfg = Release|Any CPU
		{D350ACDC-85EF-49C5-B95F-8DADFFA624EF}.Release|Any CPU.Build.0 = Release|Any CPU
	EndGlobalSection
	GlobalSection(SolutionProperties) = preSolution
		HideSolutionNode = FALSE
	EndGlobalSection
	GlobalSection(ExtensibilityGlobals) = postSolution
		SolutionGuid = {8F8CBD8C-E49B-447D-943B-82FD0CD5BEA1}
	EndGlobalSection
EndGlobal
